
Microsoft Visual Studio Solution File, Format Version 11.00
# Visual Studio 2010
Project("{FAE04EC0-301F-11D3-BF4B-00C04F79EFBC}") = "Model", "Model.csproj", "{0AFBA83C-106E-4844-A133-B2A81A41F54B}"
EndProject
Project("{FAE04EC0-301F-11D3-BF4B-00C04F79EFBC}") = "Tests", "Tests\Tests.csproj", "{964C8338-27A0-4137-932F-2E0318FA7956}"
EndProject
Project("{FAE04EC0-301F-11D3-BF4B-00C04F79EFBC}") = "Battle", "Battle\Battle.csproj", "{A1D93567-FA93-48C3-8506-38F4D3887EAB}"
EndProject
Global
	GlobalSection(SolutionConfigurationPlatforms) = preSolution
		Debug|Any CPU = Debug|Any CPU
		Debug|Mixed Platforms = Debug|Mixed Platforms
		Debug|x86 = Debug|x86
		Release|Any CPU = Release|Any CPU
		Release|Mixed Platforms = Release|Mixed Platforms
		Release|x86 = Release|x86
	EndGlobalSection
	GlobalSection(ProjectConfigurationPlatforms) = postSolution
		{0AFBA83C-106E-4844-A133-B2A81A41F54B}.Debug|Any CPU.ActiveCfg = Debug|Any CPU
		{0AFBA83C-106E-4844-A133-B2A81A41F54B}.Debug|Any CPU.Build.0 = Debug|Any CPU
		{0AFBA83C-106E-4844-A133-B2A81A41F54B}.Debug|Mixed Platforms.ActiveCfg = Debug|Any CPU
		{0AFBA83C-106E-4844-A133-B2A81A41F54B}.Debug|Mixed Platforms.Build.0 = Debug|Any CPU
		{0AFBA83C-106E-4844-A133-B2A81A41F54B}.Debug|x86.ActiveCfg = Debug|Any CPU
		{0AFBA83C-106E-4844-A133-B2A81A41F54B}.Release|Any CPU.ActiveCfg = Release|Any CPU
		{0AFBA83C-106E-4844-A133-B2A81A41F54B}.Release|Any CPU.Build.0 = Release|Any CPU
		{0AFBA83C-106E-4844-A133-B2A81A41F54B}.Release|Mixed Platforms.ActiveCfg = Release|Any CPU
		{0AFBA83C-106E-4844-A133-B2A81A41F54B}.Release|Mixed Platforms.Build.0 = Release|Any CPU
		{0AFBA83C-106E-4844-A133-B2A81A41F54B}.Release|x86.ActiveCfg = Release|Any CPU
		{964C8338-27A0-4137-932F-2E0318FA7956}.Debug|Any CPU.ActiveCfg = Debug|Any CPU
		{964C8338-27A0-4137-932F-2E0318FA7956}.Debug|Any CPU.Build.0 = Debug|Any CPU
		{964C8338-27A0-4137-932F-2E0318FA7956}.Debug|Mixed Platforms.ActiveCfg = Debug|Any CPU
		{964C8338-27A0-4137-932F-2E0318FA7956}.Debug|Mixed Platforms.Build.0 = Debug|Any CPU
		{964C8338-27A0-4137-932F-2E0318FA7956}.Debug|x86.ActiveCfg = Debug|Any CPU
		{964C8338-27A0-4137-932F-2E0318FA7956}.Release|Any CPU.ActiveCfg = Release|Any CPU
		{964C8338-27A0-4137-932F-2E0318FA7956}.Release|Any CPU.Build.0 = Release|Any CPU
		{964C8338-27A0-4137-932F-2E0318FA7956}.Release|Mixed Platforms.ActiveCfg = Release|Any CPU
		{964C8338-27A0-4137-932F-2E0318FA7956}.Release|Mixed Platforms.Build.0 = Release|Any CPU
		{964C8338-27A0-4137-932F-2E0318FA7956}.Release|x86.ActiveCfg = Release|Any CPU
		{A1D93567-FA93-48C3-8506-38F4D3887EAB}.Debug|Any CPU.ActiveCfg = Debug|x86
		{A1D93567-FA93-48C3-8506-38F4D3887EAB}.Debug|Mixed Platforms.ActiveCfg = Debug|x86
		{A1D93567-FA93-48C3-8506-38F4D3887EAB}.Debug|Mixed Platforms.Build.0 = Debug|x86
		{A1D93567-FA93-48C3-8506-38F4D3887EAB}.Debug|x86.ActiveCfg = Debug|x86
		{A1D93567-FA93-48C3-8506-38F4D3887EAB}.Debug|x86.Build.0 = Debug|x86
		{A1D93567-FA93-48C3-8506-38F4D3887EAB}.Release|Any CPU.ActiveCfg = Release|x86
		{A1D93567-FA93-48C3-8506-38F4D3887EAB}.Release|Mixed Platforms.ActiveCfg = Release|x86
		{A1D93567-FA93-48C3-8506-38F4D3887EAB}.Release|Mixed Platforms.Build.0 = Release|x86
		{A1D93567-FA93-48C3-8506-38F4D3887EAB}.Release|x86.ActiveCfg = Release|x86
		{A1D93567-FA93-48C3-8506-38F4D3887EAB}.Release|x86.Build.0 = Release|x86
	EndGlobalSection
	GlobalSection(SolutionProperties) = preSolution
		HideSolutionNode = FALSE
	EndGlobalSection
EndGlobal
